<?xml version="1.0" encoding="UTF-8" standalone="yes" ?>
<CodeBlocks_project_file>
	<FileVersion major="1" minor="6" />
	<Project>
		<Option title="tpl" />
		<Option pch_mode="2" />
		<Option compiler="gcc" />
		<Build>
			<Target title="default">
				<Option output="tpl" prefix_auto="1" extension_auto="1" />
				<Option type="1" />
				<Option compiler="gcc" />
			</Target>
		</Build>
		<Unit filename="algor.c">
			<Option compilerVar="CC" />
		</Unit>
		<Unit filename="algor.h">
			<Option compilerVar="CC" />
		</Unit>
		<Unit filename="cmd/assign.c">
			<Option compilerVar="CC" />
		</Unit>
		<Unit filename="cmd/assign.h" />
		<Unit filename="cmd/assign.o">
			<Option link="0" />
		</Unit>
		<Unit filename="cmd/def_var.c">
			<Option compilerVar="CC" />
		</Unit>
		<Unit filename="cmd/def_var.h" />
		<Unit filename="cmds.c">
			<Option compilerVar="CC" />
		</Unit>
		<Unit filename="cmds.h">
			<Option compilerVar="CC" />
		</Unit>
		<Unit filename="dev_debug.c">
			<Option compilerVar="CC" />
		</Unit>
		<Unit filename="dev_debug.h">
			<Option compilerVar="CC" />
		</Unit>
		<Unit filename="error.c">
			<Option compilerVar="CC" />
		</Unit>
		<Unit filename="error.h">
			<Option compilerVar="CC" />
		</Unit>
		<Unit filename="fns.c">
			<Option compilerVar="CC" />
		</Unit>
		<Unit filename="fns.h">
			<Option compilerVar="CC" />
		</Unit>
		<Unit filename="main.c">
			<Option compilerVar="CC" />
		</Unit>
		<Unit filename="main/files.c">
			<Option compilerVar="CC" />
		</Unit>
		<Unit filename="main/files.h" />
		<Unit filename="main/glob.c">
			<Option compilerVar="CC" />
		</Unit>
		<Unit filename="main/glob.h" />
		<Unit filename="main/init.c">
			<Option compilerVar="CC" />
		</Unit>
		<Unit filename="main/init.h" />
		<Unit filename="main/main_file.c">
			<Option compilerVar="CC" />
		</Unit>
		<Unit filename="main/main_file.h" />
		<Unit filename="main/tpl_esc_keys.c">
			<Option compilerVar="CC" />
		</Unit>
		<Unit filename="main/tpl_esc_keys.h" />
		<Unit filename="other.c">
			<Option compilerVar="CC" />
		</Unit>
		<Unit filename="parser.c">
			<Option compilerVar="CC" />
		</Unit>
		<Unit filename="parser.h">
			<Option compilerVar="CC" />
		</Unit>
		<Unit filename="pragma/pragma.c">
			<Option compilerVar="CC" />
		</Unit>
		<Unit filename="pragma/pragma.h">
			<Option compilerVar="CC" />
		</Unit>
		<Unit filename="semantic.c">
			<Option compilerVar="CC" />
		</Unit>
		<Unit filename="semantic.h" />
		<Unit filename="semantic/compare_token_types.c">
			<Option compilerVar="CC" />
		</Unit>
		<Unit filename="semantic/compare_token_types.h" />
		<Unit filename="token/assign.o">
			<Option link="0" />
		</Unit>
		<Unit filename="token/harpl.c">
			<Option compilerVar="CC" />
		</Unit>
		<Unit filename="token/harpl.h" />
		<Unit filename="token/keywords.c">
			<Option compilerVar="CC" />
		</Unit>
		<Unit filename="token/keywords.h">
			<Option compilerVar="CC" />
		</Unit>
		<Unit filename="token/token_structs.h">
			<Option compilerVar="CC" />
		</Unit>
		<Unit filename="token/token_types.c">
			<Option compilerVar="CC" />
		</Unit>
		<Unit filename="token/token_types.h">
			<Option compilerVar="CC" />
		</Unit>
		<Unit filename="token/token_types/assign.c">
			<Option compilerVar="CC" />
		</Unit>
		<Unit filename="token/token_types/assign.h" />
		<Unit filename="token/token_types/const_data.c">
			<Option compilerVar="CC" />
		</Unit>
		<Unit filename="token/token_types/const_data.h" />
		<Unit filename="token/token_types/def_types.c">
			<Option compilerVar="CC" />
		</Unit>
		<Unit filename="token/token_types/def_types.h" />
		<Unit filename="token/token_types/glob.c">
			<Option compilerVar="CC" />
		</Unit>
		<Unit filename="token/token_types/glob.h" />
		<Unit filename="token/token_word.c">
			<Option compilerVar="CC" />
		</Unit>
		<Unit filename="token/token_word.h">
			<Option compilerVar="CC" />
		</Unit>
		<Unit filename="tokens.c">
			<Option compilerVar="CC" />
		</Unit>
		<Unit filename="tokens.h">
			<Option compilerVar="CC" />
		</Unit>
		<Unit filename="tpl.c">
			<Option compilerVar="CC" />
		</Unit>
		<Unit filename="tpl.h">
			<Option compilerVar="CC" />
		</Unit>
		<Unit filename="translator_to_c.c">
			<Option compilerVar="CC" />
		</Unit>
		<Unit filename="translator_to_c.h">
			<Option compilerVar="CC" />
		</Unit>
		<Unit filename="translator_to_c/attach_glob_vars.c">
			<Option compilerVar="CC" />
		</Unit>
		<Unit filename="translator_to_c/attach_glob_vars.h" />
		<Unit filename="translator_to_c/files.c">
			<Option compilerVar="CC" />
		</Unit>
		<Unit filename="translator_to_c/files.h" />
		<Unit filename="work_with_source.c">
			<Option compilerVar="CC" />
		</Unit>
		<Unit filename="work_with_source.h" />
		<Extensions>
			<code_completion />
			<envvars />
			<debugger />
			<lib_finder disable_auto="1" />
		</Extensions>
	</Project>
</CodeBlocks_project_file>
